
Microsoft Visual Studio Solution File, Format Version 12.00
# Visual Studio 15
VisualStudioVersion = 15.0.27703.2026
MinimumVisualStudioVersion = 10.0.40219.1
Project("{FAE04EC0-301F-11D3-BF4B-00C04F79EFBC}") = "EFLibrary", "EFLibrary\EFLibrary.csproj", "{256E44C6-A421-4EA7-932E-188DC3AB87A3}"
EndProject
Project("{FAE04EC0-301F-11D3-BF4B-00C04F79EFBC}") = "ConsoleApp", "ConsoleApp\ConsoleApp.csproj", "{14698EA8-C14D-420F-9262-62DE51363645}"
EndProject
Global
	GlobalSection(SolutionConfigurationPlatforms) = preSolution
		Debug|Any CPU = Debug|Any CPU
		Debug|ARM = Debug|ARM
		Debug|x64 = Debug|x64
		Debug|x86 = Debug|x86
		Release|Any CPU = Release|Any CPU
		Release|ARM = Release|ARM
		Release|x64 = Release|x64
		Release|x86 = Release|x86
	EndGlobalSection
	GlobalSection(ProjectConfigurationPlatforms) = postSolution
		{256E44C6-A421-4EA7-932E-188DC3AB87A3}.Debug|Any CPU.ActiveCfg = Debug|Any CPU
		{256E44C6-A421-4EA7-932E-188DC3AB87A3}.Debug|Any CPU.Build.0 = Debug|Any CPU
		{256E44C6-A421-4EA7-932E-188DC3AB87A3}.Debug|ARM.ActiveCfg = Debug|Any CPU
		{256E44C6-A421-4EA7-932E-188DC3AB87A3}.Debug|ARM.Build.0 = Debug|Any CPU
		{256E44C6-A421-4EA7-932E-188DC3AB87A3}.Debug|x64.ActiveCfg = Debug|Any CPU
		{256E44C6-A421-4EA7-932E-188DC3AB87A3}.Debug|x64.Build.0 = Debug|Any CPU
		{256E44C6-A421-4EA7-932E-188DC3AB87A3}.Debug|x86.ActiveCfg = Debug|Any CPU
		{256E44C6-A421-4EA7-932E-188DC3AB87A3}.Debug|x86.Build.0 = Debug|Any CPU
		{256E44C6-A421-4EA7-932E-188DC3AB87A3}.Release|Any CPU.ActiveCfg = Release|Any CPU
		{256E44C6-A421-4EA7-932E-188DC3AB87A3}.Release|Any CPU.Build.0 = Release|Any CPU
		{256E44C6-A421-4EA7-932E-188DC3AB87A3}.Release|ARM.ActiveCfg = Release|Any CPU
		{256E44C6-A421-4EA7-932E-188DC3AB87A3}.Release|ARM.Build.0 = Release|Any CPU
		{256E44C6-A421-4EA7-932E-188DC3AB87A3}.Release|x64.ActiveCfg = Release|Any CPU
		{256E44C6-A421-4EA7-932E-188DC3AB87A3}.Release|x64.Build.0 = Release|Any CPU
		{256E44C6-A421-4EA7-932E-188DC3AB87A3}.Release|x86.ActiveCfg = Release|Any CPU
		{256E44C6-A421-4EA7-932E-188DC3AB87A3}.Release|x86.Build.0 = Release|Any CPU
		{14698EA8-C14D-420F-9262-62DE51363645}.Debug|Any CPU.ActiveCfg = Debug|Any CPU
		{14698EA8-C14D-420F-9262-62DE51363645}.Debug|Any CPU.Build.0 = Debug|Any CPU
		{14698EA8-C14D-420F-9262-62DE51363645}.Debug|ARM.ActiveCfg = Debug|Any CPU
		{14698EA8-C14D-420F-9262-62DE51363645}.Debug|ARM.Build.0 = Debug|Any CPU
		{14698EA8-C14D-420F-9262-62DE51363645}.Debug|x64.ActiveCfg = Debug|Any CPU
		{14698EA8-C14D-420F-9262-62DE51363645}.Debug|x64.Build.0 = Debug|Any CPU
		{14698EA8-C14D-420F-9262-62DE51363645}.Debug|x86.ActiveCfg = Debug|Any CPU
		{14698EA8-C14D-420F-9262-62DE51363645}.Debug|x86.Build.0 = Debug|Any CPU
		{14698EA8-C14D-420F-9262-62DE51363645}.Release|Any CPU.ActiveCfg = Release|Any CPU
		{14698EA8-C14D-420F-9262-62DE51363645}.Release|Any CPU.Build.0 = Release|Any CPU
		{14698EA8-C14D-420F-9262-62DE51363645}.Release|ARM.ActiveCfg = Release|Any CPU
		{14698EA8-C14D-420F-9262-62DE51363645}.Release|ARM.Build.0 = Release|Any CPU
		{14698EA8-C14D-420F-9262-62DE51363645}.Release|x64.ActiveCfg = Release|Any CPU
		{14698EA8-C14D-420F-9262-62DE51363645}.Release|x64.Build.0 = Release|Any CPU
		{14698EA8-C14D-420F-9262-62DE51363645}.Release|x86.ActiveCfg = Release|Any CPU
		{14698EA8-C14D-420F-9262-62DE51363645}.Release|x86.Build.0 = Release|Any CPU
	EndGlobalSection
	GlobalSection(SolutionProperties) = preSolution
		HideSolutionNode = FALSE
	EndGlobalSection
	GlobalSection(ExtensibilityGlobals) = postSolution
		SolutionGuid = {67C9488F-A925-41DA-A203-E0D3C5365F96}
	EndGlobalSection
EndGlobal
