
Microsoft Visual Studio Solution File, Format Version 12.00
# Visual Studio 15
VisualStudioVersion = 15.0.27703.2026
MinimumVisualStudioVersion = 10.0.40219.1
Project("{FAE04EC0-301F-11D3-BF4B-00C04F79EFBC}") = "ExpenseItDemo", "ExpenseItDemo\ExpenseItDemo.csproj", "{D1729F17-99A5-45AF-AB38-72FA6ECCE609}"
EndProject
Project("{FAE04EC0-301F-11D3-BF4B-00C04F79EFBC}") = "EditBoxControlLibrary", "EditBoxControlLibrary\EditBoxControlLibrary.csproj", "{558EEE03-6927-4FE6-AEB6-972769960849}"
EndProject
Project("{FAE04EC0-301F-11D3-BF4B-00C04F79EFBC}") = "TestProject", "TestProject\TestProject.csproj", "{45FB4789-508C-41F5-8F65-E8627BA51389}"
EndProject
Project("{930C7802-8A8C-48F9-8165-68863BCCD9DD}") = "ExpenseItDemo.SetupProject", "ExpenseItDemo.SetupProject\ExpenseItDemo.SetupProject.wixproj", "{24FFB9C0-82BC-4451-9AB1-1D98C5DE9D29}"
EndProject
Project("{FAE04EC0-301F-11D3-BF4B-00C04F79EFBC}") = "ExpenseItDemo.SetupProject.CustomAction", "ExpenseItDemo.SetupProject.CustomAction\ExpenseItDemo.SetupProject.CustomAction.csproj", "{1FC0B0F9-3539-4EB1-B967-BD9BA8DAEB6D}"
EndProject
Global
	GlobalSection(SolutionConfigurationPlatforms) = preSolution
		Debug|Any CPU = Debug|Any CPU
		Debug|x86 = Debug|x86
		Release|Any CPU = Release|Any CPU
		Release|x86 = Release|x86
	EndGlobalSection
	GlobalSection(ProjectConfigurationPlatforms) = postSolution
		{D1729F17-99A5-45AF-AB38-72FA6ECCE609}.Debug|Any CPU.ActiveCfg = Debug|Any CPU
		{D1729F17-99A5-45AF-AB38-72FA6ECCE609}.Debug|Any CPU.Build.0 = Debug|Any CPU
		{D1729F17-99A5-45AF-AB38-72FA6ECCE609}.Debug|x86.ActiveCfg = Debug|Any CPU
		{D1729F17-99A5-45AF-AB38-72FA6ECCE609}.Debug|x86.Build.0 = Debug|Any CPU
		{D1729F17-99A5-45AF-AB38-72FA6ECCE609}.Release|Any CPU.ActiveCfg = Release|Any CPU
		{D1729F17-99A5-45AF-AB38-72FA6ECCE609}.Release|Any CPU.Build.0 = Release|Any CPU
		{D1729F17-99A5-45AF-AB38-72FA6ECCE609}.Release|x86.ActiveCfg = Release|Any CPU
		{D1729F17-99A5-45AF-AB38-72FA6ECCE609}.Release|x86.Build.0 = Release|Any CPU
		{558EEE03-6927-4FE6-AEB6-972769960849}.Debug|Any CPU.ActiveCfg = Debug|Any CPU
		{558EEE03-6927-4FE6-AEB6-972769960849}.Debug|Any CPU.Build.0 = Debug|Any CPU
		{558EEE03-6927-4FE6-AEB6-972769960849}.Debug|x86.ActiveCfg = Debug|Any CPU
		{558EEE03-6927-4FE6-AEB6-972769960849}.Debug|x86.Build.0 = Debug|Any CPU
		{558EEE03-6927-4FE6-AEB6-972769960849}.Release|Any CPU.ActiveCfg = Release|Any CPU
		{558EEE03-6927-4FE6-AEB6-972769960849}.Release|Any CPU.Build.0 = Release|Any CPU
		{558EEE03-6927-4FE6-AEB6-972769960849}.Release|x86.ActiveCfg = Release|Any CPU
		{558EEE03-6927-4FE6-AEB6-972769960849}.Release|x86.Build.0 = Release|Any CPU
		{45FB4789-508C-41F5-8F65-E8627BA51389}.Debug|Any CPU.ActiveCfg = Debug|Any CPU
		{45FB4789-508C-41F5-8F65-E8627BA51389}.Debug|Any CPU.Build.0 = Debug|Any CPU
		{45FB4789-508C-41F5-8F65-E8627BA51389}.Debug|x86.ActiveCfg = Debug|Any CPU
		{45FB4789-508C-41F5-8F65-E8627BA51389}.Debug|x86.Build.0 = Debug|Any CPU
		{45FB4789-508C-41F5-8F65-E8627BA51389}.Release|Any CPU.ActiveCfg = Release|Any CPU
		{45FB4789-508C-41F5-8F65-E8627BA51389}.Release|Any CPU.Build.0 = Release|Any CPU
		{45FB4789-508C-41F5-8F65-E8627BA51389}.Release|x86.ActiveCfg = Release|Any CPU
		{45FB4789-508C-41F5-8F65-E8627BA51389}.Release|x86.Build.0 = Release|Any CPU
		{24FFB9C0-82BC-4451-9AB1-1D98C5DE9D29}.Debug|Any CPU.ActiveCfg = Debug|x86
		{24FFB9C0-82BC-4451-9AB1-1D98C5DE9D29}.Debug|x86.ActiveCfg = Debug|x86
		{24FFB9C0-82BC-4451-9AB1-1D98C5DE9D29}.Debug|x86.Build.0 = Debug|x86
		{24FFB9C0-82BC-4451-9AB1-1D98C5DE9D29}.Release|Any CPU.ActiveCfg = Release|x86
		{24FFB9C0-82BC-4451-9AB1-1D98C5DE9D29}.Release|x86.ActiveCfg = Release|x86
		{24FFB9C0-82BC-4451-9AB1-1D98C5DE9D29}.Release|x86.Build.0 = Release|x86
		{1FC0B0F9-3539-4EB1-B967-BD9BA8DAEB6D}.Debug|Any CPU.ActiveCfg = Debug|x86
		{1FC0B0F9-3539-4EB1-B967-BD9BA8DAEB6D}.Debug|x86.ActiveCfg = Debug|x86
		{1FC0B0F9-3539-4EB1-B967-BD9BA8DAEB6D}.Debug|x86.Build.0 = Debug|x86
		{1FC0B0F9-3539-4EB1-B967-BD9BA8DAEB6D}.Release|Any CPU.ActiveCfg = Release|x86
		{1FC0B0F9-3539-4EB1-B967-BD9BA8DAEB6D}.Release|x86.ActiveCfg = Release|x86
		{1FC0B0F9-3539-4EB1-B967-BD9BA8DAEB6D}.Release|x86.Build.0 = Release|x86
	EndGlobalSection
	GlobalSection(SolutionProperties) = preSolution
		HideSolutionNode = FALSE
	EndGlobalSection
	GlobalSection(ExtensibilityGlobals) = postSolution
		SolutionGuid = {9C7CB7AB-3804-431E-8CBE-C00597BF217F}
	EndGlobalSection
EndGlobal
